
Microsoft Visual Studio Solution File, Format Version 12.00
# Visual Studio Version 17
VisualStudioVersion = 17.11.35312.102
MinimumVisualStudioVersion = 10.0.40219.1
Project("{FAE04EC0-301F-11D3-BF4B-00C04F79EFBC}") = "01_MainSubjects", "01_MainSubjects\01_MainSubjects.csproj", "{DA7FEBEE-4E56-41F0-9E43-1B95875EF774}"
EndProject
Project("{FAE04EC0-301F-11D3-BF4B-00C04F79EFBC}") = "02_Veriables", "02_Veriables\02_Veriables.csproj", "{1F044A30-E9DE-401A-AFE5-245A946CE2B2}"
EndProject
Global
	GlobalSection(SolutionConfigurationPlatforms) = preSolution
		Debug|Any CPU = Debug|Any CPU
		Release|Any CPU = Release|Any CPU
	EndGlobalSection
	GlobalSection(ProjectConfigurationPlatforms) = postSolution
		{DA7FEBEE-4E56-41F0-9E43-1B95875EF774}.Debug|Any CPU.ActiveCfg = Debug|Any CPU
		{DA7FEBEE-4E56-41F0-9E43-1B95875EF774}.Debug|Any CPU.Build.0 = Debug|Any CPU
		{DA7FEBEE-4E56-41F0-9E43-1B95875EF774}.Release|Any CPU.ActiveCfg = Release|Any CPU
		{DA7FEBEE-4E56-41F0-9E43-1B95875EF774}.Release|Any CPU.Build.0 = Release|Any CPU
		{1F044A30-E9DE-401A-AFE5-245A946CE2B2}.Debug|Any CPU.ActiveCfg = Debug|Any CPU
		{1F044A30-E9DE-401A-AFE5-245A946CE2B2}.Debug|Any CPU.Build.0 = Debug|Any CPU
		{1F044A30-E9DE-401A-AFE5-245A946CE2B2}.Release|Any CPU.ActiveCfg = Release|Any CPU
		{1F044A30-E9DE-401A-AFE5-245A946CE2B2}.Release|Any CPU.Build.0 = Release|Any CPU
	EndGlobalSection
	GlobalSection(SolutionProperties) = preSolution
		HideSolutionNode = FALSE
	EndGlobalSection
	GlobalSection(ExtensibilityGlobals) = postSolution
		SolutionGuid = {64E7976B-59F8-4071-9C32-6479DA350844}
	EndGlobalSection
EndGlobal
